
Microsoft Visual Studio Solution File, Format Version 12.00
# Visual Studio 14
VisualStudioVersion = 14.0.25420.1
MinimumVisualStudioVersion = 10.0.40219.1
Project("{FAE04EC0-301F-11D3-BF4B-00C04F79EFBC}") = "CardCreater", "CardCreater\CardCreater.csproj", "{70785F9C-3EDF-449E-B73B-E2B6F5992C66}"
	ProjectSection(ProjectDependencies) = postProject
		{63243376-81DD-4531-91F4-DCDE7A7FD992} = {63243376-81DD-4531-91F4-DCDE7A7FD992}
	EndProjectSection
EndProject
Project("{8BC9CEB8-8B4A-11D0-8D11-00A0C91BC942}") = "CCCore", "CCCore\CCCore.vcxproj", "{63243376-81DD-4531-91F4-DCDE7A7FD992}"
EndProject
Project("{FAE04EC0-301F-11D3-BF4B-00C04F79EFBC}") = "WpfColorFontDialog", "WpfColorFontDialog\WpfColorFontDialog.csproj", "{6C301B62-352A-4053-9B06-E148A85D47AA}"
EndProject
Global
	GlobalSection(SolutionConfigurationPlatforms) = preSolution
		Debug|Any CPU = Debug|Any CPU
		Debug|ARM = Debug|ARM
		Debug|x64 = Debug|x64
		Debug|x86 = Debug|x86
		Release|Any CPU = Release|Any CPU
		Release|ARM = Release|ARM
		Release|x64 = Release|x64
		Release|x86 = Release|x86
	EndGlobalSection
	GlobalSection(ProjectConfigurationPlatforms) = postSolution
		{70785F9C-3EDF-449E-B73B-E2B6F5992C66}.Debug|Any CPU.ActiveCfg = Debug|Any CPU
		{70785F9C-3EDF-449E-B73B-E2B6F5992C66}.Debug|Any CPU.Build.0 = Debug|Any CPU
		{70785F9C-3EDF-449E-B73B-E2B6F5992C66}.Debug|ARM.ActiveCfg = Debug|Any CPU
		{70785F9C-3EDF-449E-B73B-E2B6F5992C66}.Debug|ARM.Build.0 = Debug|Any CPU
		{70785F9C-3EDF-449E-B73B-E2B6F5992C66}.Debug|x64.ActiveCfg = Debug|Any CPU
		{70785F9C-3EDF-449E-B73B-E2B6F5992C66}.Debug|x64.Build.0 = Debug|Any CPU
		{70785F9C-3EDF-449E-B73B-E2B6F5992C66}.Debug|x86.ActiveCfg = Debug|Any CPU
		{70785F9C-3EDF-449E-B73B-E2B6F5992C66}.Debug|x86.Build.0 = Debug|Any CPU
		{70785F9C-3EDF-449E-B73B-E2B6F5992C66}.Release|Any CPU.ActiveCfg = Release|Any CPU
		{70785F9C-3EDF-449E-B73B-E2B6F5992C66}.Release|Any CPU.Build.0 = Release|Any CPU
		{70785F9C-3EDF-449E-B73B-E2B6F5992C66}.Release|ARM.ActiveCfg = Release|Any CPU
		{70785F9C-3EDF-449E-B73B-E2B6F5992C66}.Release|ARM.Build.0 = Release|Any CPU
		{70785F9C-3EDF-449E-B73B-E2B6F5992C66}.Release|x64.ActiveCfg = Release|Any CPU
		{70785F9C-3EDF-449E-B73B-E2B6F5992C66}.Release|x64.Build.0 = Release|Any CPU
		{70785F9C-3EDF-449E-B73B-E2B6F5992C66}.Release|x86.ActiveCfg = Release|Any CPU
		{70785F9C-3EDF-449E-B73B-E2B6F5992C66}.Release|x86.Build.0 = Release|Any CPU
		{63243376-81DD-4531-91F4-DCDE7A7FD992}.Debug|Any CPU.ActiveCfg = Debug|Win32
		{63243376-81DD-4531-91F4-DCDE7A7FD992}.Debug|Any CPU.Build.0 = Debug|Win32
		{63243376-81DD-4531-91F4-DCDE7A7FD992}.Debug|ARM.ActiveCfg = Debug|Win32
		{63243376-81DD-4531-91F4-DCDE7A7FD992}.Debug|ARM.Build.0 = Debug|Win32
		{63243376-81DD-4531-91F4-DCDE7A7FD992}.Debug|x64.ActiveCfg = Debug|Win32
		{63243376-81DD-4531-91F4-DCDE7A7FD992}.Debug|x64.Build.0 = Debug|Win32
		{63243376-81DD-4531-91F4-DCDE7A7FD992}.Debug|x86.ActiveCfg = Debug|Win32
		{63243376-81DD-4531-91F4-DCDE7A7FD992}.Debug|x86.Build.0 = Debug|Win32
		{63243376-81DD-4531-91F4-DCDE7A7FD992}.Release|Any CPU.ActiveCfg = Release|Win32
		{63243376-81DD-4531-91F4-DCDE7A7FD992}.Release|ARM.ActiveCfg = Release|Win32
		{63243376-81DD-4531-91F4-DCDE7A7FD992}.Release|x64.ActiveCfg = Release|x64
		{63243376-81DD-4531-91F4-DCDE7A7FD992}.Release|x64.Build.0 = Release|x64
		{63243376-81DD-4531-91F4-DCDE7A7FD992}.Release|x86.ActiveCfg = Release|Win32
		{63243376-81DD-4531-91F4-DCDE7A7FD992}.Release|x86.Build.0 = Release|Win32
		{6C301B62-352A-4053-9B06-E148A85D47AA}.Debug|Any CPU.ActiveCfg = Debug|Any CPU
		{6C301B62-352A-4053-9B06-E148A85D47AA}.Debug|Any CPU.Build.0 = Debug|Any CPU
		{6C301B62-352A-4053-9B06-E148A85D47AA}.Debug|ARM.ActiveCfg = Debug|Any CPU
		{6C301B62-352A-4053-9B06-E148A85D47AA}.Debug|ARM.Build.0 = Debug|Any CPU
		{6C301B62-352A-4053-9B06-E148A85D47AA}.Debug|x64.ActiveCfg = Debug|Any CPU
		{6C301B62-352A-4053-9B06-E148A85D47AA}.Debug|x64.Build.0 = Debug|Any CPU
		{6C301B62-352A-4053-9B06-E148A85D47AA}.Debug|x86.ActiveCfg = Debug|Any CPU
		{6C301B62-352A-4053-9B06-E148A85D47AA}.Debug|x86.Build.0 = Debug|Any CPU
		{6C301B62-352A-4053-9B06-E148A85D47AA}.Release|Any CPU.ActiveCfg = Release|Any CPU
		{6C301B62-352A-4053-9B06-E148A85D47AA}.Release|Any CPU.Build.0 = Release|Any CPU
		{6C301B62-352A-4053-9B06-E148A85D47AA}.Release|ARM.ActiveCfg = Release|Any CPU
		{6C301B62-352A-4053-9B06-E148A85D47AA}.Release|ARM.Build.0 = Release|Any CPU
		{6C301B62-352A-4053-9B06-E148A85D47AA}.Release|x64.ActiveCfg = Release|Any CPU
		{6C301B62-352A-4053-9B06-E148A85D47AA}.Release|x64.Build.0 = Release|Any CPU
		{6C301B62-352A-4053-9B06-E148A85D47AA}.Release|x86.ActiveCfg = Release|Any CPU
		{6C301B62-352A-4053-9B06-E148A85D47AA}.Release|x86.Build.0 = Release|Any CPU
	EndGlobalSection
	GlobalSection(SolutionProperties) = preSolution
		HideSolutionNode = FALSE
	EndGlobalSection
EndGlobal
